
Microsoft Visual Studio Solution File, Format Version 12.00
# Visual Studio Version 16
VisualStudioVersion = 16.0.30413.136
MinimumVisualStudioVersion = 10.0.40219.1
Project("{888888A0-9F3D-457C-B088-3A5042F75D52}") = "PyApp", "PyApp\PyApp.pyproj", "{33D47D7B-E793-4976-9BB9-804A9FA479FA}"
EndProject
Global
	GlobalSection(SolutionConfigurationPlatforms) = preSolution
		Debug|Any CPU = Debug|Any CPU
		Release|Any CPU = Release|Any CPU
	EndGlobalSection
	GlobalSection(ProjectConfigurationPlatforms) = postSolution
		{33D47D7B-E793-4976-9BB9-804A9FA479FA}.Debug|Any CPU.ActiveCfg = Debug|Any CPU
		{33D47D7B-E793-4976-9BB9-804A9FA479FA}.Release|Any CPU.ActiveCfg = Release|Any CPU
	EndGlobalSection
	GlobalSection(SolutionProperties) = preSolution
		HideSolutionNode = FALSE
	EndGlobalSection
	GlobalSection(ExtensibilityGlobals) = postSolution
		SolutionGuid = {493F024D-7E18-45D6-9B87-18D57DE91871}
	EndGlobalSection
EndGlobal
